
Microsoft Visual Studio Solution File, Format Version 11.00
# Visual Studio 2010
Project("{FAE04EC0-301F-11D3-BF4B-00C04F79EFBC}") = "CSharpValidator", "CSharpValidator.csproj", "{8DF5BE2C-0316-4FCC-984E-5E98D265AB84}"
EndProject
Global
	GlobalSection(SolutionConfigurationPlatforms) = preSolution
		Debug|x86 = Debug|x86
		Release|x86 = Release|x86
	EndGlobalSection
	GlobalSection(ProjectConfigurationPlatforms) = postSolution
		{8DF5BE2C-0316-4FCC-984E-5E98D265AB84}.Debug|x86.ActiveCfg = Debug|x86
		{8DF5BE2C-0316-4FCC-984E-5E98D265AB84}.Debug|x86.Build.0 = Debug|x86
		{8DF5BE2C-0316-4FCC-984E-5E98D265AB84}.Release|x86.ActiveCfg = Release|x86
		{8DF5BE2C-0316-4FCC-984E-5E98D265AB84}.Release|x86.Build.0 = Release|x86
	EndGlobalSection
	GlobalSection(MonoDevelopProperties) = preSolution
		StartupItem = CSharpValidator.csproj
	EndGlobalSection
EndGlobal
