
Microsoft Visual Studio Solution File, Format Version 11.00
# Visual Studio 2010
Project("{FAE04EC0-301F-11D3-BF4B-00C04F79EFBC}") = "Wp7", "Wp7.csproj", "{EA87ED03-C006-495F-99D5-3037F8989322}"
EndProject
Global
	GlobalSection(SolutionConfigurationPlatforms) = preSolution
		Debug|Any CPU = Debug|Any CPU
		Release|Any CPU = Release|Any CPU
	EndGlobalSection
	GlobalSection(ProjectConfigurationPlatforms) = postSolution
		{EA87ED03-C006-495F-99D5-3037F8989322}.Debug|Any CPU.ActiveCfg = Debug|Any CPU
		{EA87ED03-C006-495F-99D5-3037F8989322}.Debug|Any CPU.Build.0 = Debug|Any CPU
		{EA87ED03-C006-495F-99D5-3037F8989322}.Debug|Any CPU.Deploy.0 = Debug|Any CPU
		{EA87ED03-C006-495F-99D5-3037F8989322}.Release|Any CPU.ActiveCfg = Release|Any CPU
		{EA87ED03-C006-495F-99D5-3037F8989322}.Release|Any CPU.Build.0 = Release|Any CPU
		{EA87ED03-C006-495F-99D5-3037F8989322}.Release|Any CPU.Deploy.0 = Release|Any CPU
	EndGlobalSection
	GlobalSection(SolutionProperties) = preSolution
		HideSolutionNode = FALSE
	EndGlobalSection
EndGlobal
