
Microsoft Visual Studio Solution File, Format Version 11.00
# Visual Studio 2010
Project("{FAE04EC0-301F-11D3-BF4B-00C04F79EFBC}") = "locator", "locator.csproj", "{4680CEE8-57F9-400B-90BE-5BEE7E2055B3}"
EndProject
Global
	GlobalSection(SolutionConfigurationPlatforms) = preSolution
		Debug|x86 = Debug|x86
		Release|x86 = Release|x86
	EndGlobalSection
	GlobalSection(ProjectConfigurationPlatforms) = postSolution
		{4680CEE8-57F9-400B-90BE-5BEE7E2055B3}.Debug|x86.ActiveCfg = Debug|x86
		{4680CEE8-57F9-400B-90BE-5BEE7E2055B3}.Debug|x86.Build.0 = Debug|x86
		{4680CEE8-57F9-400B-90BE-5BEE7E2055B3}.Release|x86.ActiveCfg = Release|x86
		{4680CEE8-57F9-400B-90BE-5BEE7E2055B3}.Release|x86.Build.0 = Release|x86
	EndGlobalSection
	GlobalSection(MonoDevelopProperties) = preSolution
		StartupItem = locator.csproj
	EndGlobalSection
EndGlobal
